
Microsoft Visual Studio Solution File, Format Version 12.00
# Visual Studio 15
VisualStudioVersion = 15.0.27004.2009
MinimumVisualStudioVersion = 10.0.40219.1
Project("{FAE04EC0-301F-11D3-BF4B-00C04F79EFBC}") = "ThreadSandbox", "ThreadSandbox\ThreadSandbox.csproj", "{93D22212-BFC0-4A00-96F2-AB1B86BEF210}"
EndProject
Global
	GlobalSection(SolutionConfigurationPlatforms) = preSolution
		Debug|Any CPU = Debug|Any CPU
		Release|Any CPU = Release|Any CPU
	EndGlobalSection
	GlobalSection(ProjectConfigurationPlatforms) = postSolution
		{93D22212-BFC0-4A00-96F2-AB1B86BEF210}.Debug|Any CPU.ActiveCfg = Debug|Any CPU
		{93D22212-BFC0-4A00-96F2-AB1B86BEF210}.Debug|Any CPU.Build.0 = Debug|Any CPU
		{93D22212-BFC0-4A00-96F2-AB1B86BEF210}.Release|Any CPU.ActiveCfg = Release|Any CPU
		{93D22212-BFC0-4A00-96F2-AB1B86BEF210}.Release|Any CPU.Build.0 = Release|Any CPU
	EndGlobalSection
	GlobalSection(SolutionProperties) = preSolution
		HideSolutionNode = FALSE
	EndGlobalSection
	GlobalSection(ExtensibilityGlobals) = postSolution
		SolutionGuid = {AB9C6EEE-FE77-4F84-882E-AABF0AF975EC}
	EndGlobalSection
EndGlobal
